
Microsoft Visual Studio Solution File, Format Version 12.00
# Visual Studio Version 16
VisualStudioVersion = 16.0.30907.101
MinimumVisualStudioVersion = 10.0.40219.1
Project("{FAE04EC0-301F-11D3-BF4B-00C04F79EFBC}") = "RazorPagesMovie", "RazorPagesMovie\RazorPagesMovie.csproj", "{E30FAB77-15DD-4787-AB5D-12D7A4F98FA2}"
EndProject
Global
	GlobalSection(SolutionConfigurationPlatforms) = preSolution
		Debug|Any CPU = Debug|Any CPU
		Release|Any CPU = Release|Any CPU
	EndGlobalSection
	GlobalSection(ProjectConfigurationPlatforms) = postSolution
		{E30FAB77-15DD-4787-AB5D-12D7A4F98FA2}.Debug|Any CPU.ActiveCfg = Debug|Any CPU
		{E30FAB77-15DD-4787-AB5D-12D7A4F98FA2}.Debug|Any CPU.Build.0 = Debug|Any CPU
		{E30FAB77-15DD-4787-AB5D-12D7A4F98FA2}.Release|Any CPU.ActiveCfg = Release|Any CPU
		{E30FAB77-15DD-4787-AB5D-12D7A4F98FA2}.Release|Any CPU.Build.0 = Release|Any CPU
	EndGlobalSection
	GlobalSection(SolutionProperties) = preSolution
		HideSolutionNode = FALSE
	EndGlobalSection
	GlobalSection(ExtensibilityGlobals) = postSolution
		SolutionGuid = {165919C4-660E-442E-940E-E2B443B953D9}
	EndGlobalSection
EndGlobal
